
Microsoft Visual Studio Solution File, Format Version 12.00
# Visual Studio 15
VisualStudioVersion = 15.0.28307.645
MinimumVisualStudioVersion = 10.0.40219.1
Project("{FAE04EC0-301F-11D3-BF4B-00C04F79EFBC}") = "Models", "PISModel\Models.csproj", "{A0D879B4-F6A5-43AD-8CC8-BA43722FCDA9}"
EndProject
Project("{FAE04EC0-301F-11D3-BF4B-00C04F79EFBC}") = "View", "PISView\View.csproj", "{A24AC1D7-05F8-4172-B8BC-C690D7324B78}"
EndProject
Project("{FAE04EC0-301F-11D3-BF4B-00C04F79EFBC}") = "PisRestApi", "PisRestApi\PisRestApi.csproj", "{3E61920C-8811-4B23-93EC-3B2D0FE0CF3A}"
EndProject
Global
	GlobalSection(SolutionConfigurationPlatforms) = preSolution
		Debug|Any CPU = Debug|Any CPU
		Release|Any CPU = Release|Any CPU
	EndGlobalSection
	GlobalSection(ProjectConfigurationPlatforms) = postSolution
		{A0D879B4-F6A5-43AD-8CC8-BA43722FCDA9}.Debug|Any CPU.ActiveCfg = Debug|Any CPU
		{A0D879B4-F6A5-43AD-8CC8-BA43722FCDA9}.Debug|Any CPU.Build.0 = Debug|Any CPU
		{A0D879B4-F6A5-43AD-8CC8-BA43722FCDA9}.Release|Any CPU.ActiveCfg = Release|Any CPU
		{A0D879B4-F6A5-43AD-8CC8-BA43722FCDA9}.Release|Any CPU.Build.0 = Release|Any CPU
		{A24AC1D7-05F8-4172-B8BC-C690D7324B78}.Debug|Any CPU.ActiveCfg = Debug|Any CPU
		{A24AC1D7-05F8-4172-B8BC-C690D7324B78}.Debug|Any CPU.Build.0 = Debug|Any CPU
		{A24AC1D7-05F8-4172-B8BC-C690D7324B78}.Release|Any CPU.ActiveCfg = Release|Any CPU
		{A24AC1D7-05F8-4172-B8BC-C690D7324B78}.Release|Any CPU.Build.0 = Release|Any CPU
		{3E61920C-8811-4B23-93EC-3B2D0FE0CF3A}.Debug|Any CPU.ActiveCfg = Debug|Any CPU
		{3E61920C-8811-4B23-93EC-3B2D0FE0CF3A}.Debug|Any CPU.Build.0 = Debug|Any CPU
		{3E61920C-8811-4B23-93EC-3B2D0FE0CF3A}.Release|Any CPU.ActiveCfg = Release|Any CPU
		{3E61920C-8811-4B23-93EC-3B2D0FE0CF3A}.Release|Any CPU.Build.0 = Release|Any CPU
	EndGlobalSection
	GlobalSection(SolutionProperties) = preSolution
		HideSolutionNode = FALSE
	EndGlobalSection
	GlobalSection(ExtensibilityGlobals) = postSolution
		SolutionGuid = {FD135D69-69D3-4757-A13E-F7595AF7C68E}
	EndGlobalSection
EndGlobal
